// !$*UTF8*$!
{
	archiveVersion = 1;
	classes = {
	};
	objectVersion = 46;
	objects = {

/* Begin PBXBuildFile section */
		A2ACDDAC19199C9F002C5412 /* Foundation.framework in Frameworks */ = {isa = PBXBuildFile; fileRef = A2ACDDAB19199C9F002C5412 /* Foundation.framework */; };
		A2ACDDAE19199C9F002C5412 /* CoreGraphics.framework in Frameworks */ = {isa = PBXBuildFile; fileRef = A2ACDDAD19199C9F002C5412 /* CoreGraphics.framework */; };
		A2ACDDB019199C9F002C5412 /* UIKit.framework in Frameworks */ = {isa = PBXBuildFile; fileRef = A2ACDDAF19199C9F002C5412 /* UIKit.framework */; };
		A2ACDDB619199C9F002C5412 /* InfoPlist.strings in Resources */ = {isa = PBXBuildFile; fileRef = A2ACDDB419199C9F002C5412 /* InfoPlist.strings */; };
		A2ACDDB819199C9F002C5412 /* main.m in Sources */ = {isa = PBXBuildFile; fileRef = A2ACDDB719199C9F002C5412 /* main.m */; };
		A2ACDDBC19199C9F002C5412 /* ABCAppDelegate.m in Sources */ = {isa = PBXBuildFile; fileRef = A2ACDDBB19199C9F002C5412 /* ABCAppDelegate.m */; };
		A2ACDDBF19199C9F002C5412 /* Main.storyboard in Resources */ = {isa = PBXBuildFile; fileRef = A2ACDDBD19199C9F002C5412 /* Main.storyboard */; };
		A2ACDDC219199C9F002C5412 /* ABCViewController.m in Sources */ = {isa = PBXBuildFile; fileRef = A2ACDDC119199C9F002C5412 /* ABCViewController.m */; };
		A2ACDDC419199C9F002C5412 /* Images.xcassets in Resources */ = {isa = PBXBuildFile; fileRef = A2ACDDC319199C9F002C5412 /* Images.xcassets */; };
		A2ACDDCB19199CA0002C5412 /* XCTest.framework in Frameworks */ = {isa = PBXBuildFile; fileRef = A2ACDDCA19199CA0002C5412 /* XCTest.framework */; };
		A2ACDDCC19199CA0002C5412 /* Foundation.framework in Frameworks */ = {isa = PBXBuildFile; fileRef = A2ACDDAB19199C9F002C5412 /* Foundation.framework */; };
		A2ACDDCD19199CA0002C5412 /* UIKit.framework in Frameworks */ = {isa = PBXBuildFile; fileRef = A2ACDDAF19199C9F002C5412 /* UIKit.framework */; };
		A2ACDDD519199CA0002C5412 /* InfoPlist.strings in Resources */ = {isa = PBXBuildFile; fileRef = A2ACDDD319199CA0002C5412 /* InfoPlist.strings */; };
		A2ACDDD719199CA0002C5412 /* DelegateTests.m in Sources */ = {isa = PBXBuildFile; fileRef = A2ACDDD619199CA0002C5412 /* DelegateTests.m */; };
/* End PBXBuildFile section */

/* Begin PBXContainerItemProxy section */
		A2ACDDCE19199CA0002C5412 /* PBXContainerItemProxy */ = {
			isa = PBXContainerItemProxy;
			containerPortal = A2ACDDA019199C9F002C5412 /* Project object */;
			proxyType = 1;
			remoteGlobalIDString = A2ACDDA719199C9F002C5412;
			remoteInfo = Delegate;
		};
/* End PBXContainerItemProxy section */

/* Begin PBXFileReference section */
		A2ACDDA819199C9F002C5412 /* Delegate.app */ = {isa = PBXFileReference; explicitFileType = wrapper.application; includeInIndex = 0; path = Delegate.app; sourceTree = BUILT_PRODUCTS_DIR; };
		A2ACDDAB19199C9F002C5412 /* Foundation.framework */ = {isa = PBXFileReference; lastKnownFileType = wrapper.framework; name = Foundation.framework; path = System/Library/Frameworks/Foundation.framework; sourceTree = SDKROOT; };
		A2ACDDAD19199C9F002C5412 /* CoreGraphics.framework */ = {isa = PBXFileReference; lastKnownFileType = wrapper.framework; name = CoreGraphics.framework; path = System/Library/Frameworks/CoreGraphics.framework; sourceTree = SDKROOT; };
		A2ACDDAF19199C9F002C5412 /* UIKit.framework */ = {isa = PBXFileReference; lastKnownFileType = wrapper.framework; name = UIKit.framework; path = System/Library/Frameworks/UIKit.framework; sourceTree = SDKROOT; };
		A2ACDDB319199C9F002C5412 /* Delegate-Info.plist */ = {isa = PBXFileReference; lastKnownFileType = text.plist.xml; path = "Delegate-Info.plist"; sourceTree = "<group>"; };
		A2ACDDB519199C9F002C5412 /* en */ = {isa = PBXFileReference; lastKnownFileType = text.plist.strings; name = en; path = en.lproj/InfoPlist.strings; sourceTree = "<group>"; };
		A2ACDDB719199C9F002C5412 /* main.m */ = {isa = PBXFileReference; lastKnownFileType = sourcecode.c.objc; path = main.m; sourceTree = "<group>"; };
		A2ACDDB919199C9F002C5412 /* Delegate-Prefix.pch */ = {isa = PBXFileReference; lastKnownFileType = sourcecode.c.h; path = "Delegate-Prefix.pch"; sourceTree = "<group>"; };
		A2ACDDBA19199C9F002C5412 /* ABCAppDelegate.h */ = {isa = PBXFileReference; lastKnownFileType = sourcecode.c.h; path = ABCAppDelegate.h; sourceTree = "<group>"; };
		A2ACDDBB19199C9F002C5412 /* ABCAppDelegate.m */ = {isa = PBXFileReference; lastKnownFileType = sourcecode.c.objc; path = ABCAppDelegate.m; sourceTree = "<group>"; };
		A2ACDDBE19199C9F002C5412 /* Base */ = {isa = PBXFileReference; lastKnownFileType = file.storyboard; name = Base; path = Base.lproj/Main.storyboard; sourceTree = "<group>"; };
		A2ACDDC019199C9F002C5412 /* ABCViewController.h */ = {isa = PBXFileReference; lastKnownFileType = sourcecode.c.h; path = ABCViewController.h; sourceTree = "<group>"; };
		A2ACDDC119199C9F002C5412 /* ABCViewController.m */ = {isa = PBXFileReference; lastKnownFileType = sourcecode.c.objc; path = ABCViewController.m; sourceTree = "<group>"; };
		A2ACDDC319199C9F002C5412 /* Images.xcassets */ = {isa = PBXFileReference; lastKnownFileType = folder.assetcatalog; path = Images.xcassets; sourceTree = "<group>"; };
		A2ACDDC919199CA0002C5412 /* DelegateTests.xctest */ = {isa = PBXFileReference; explicitFileType = wrapper.cfbundle; includeInIndex = 0; path = DelegateTests.xctest; sourceTree = BUILT_PRODUCTS_DIR; };
		A2ACDDCA19199CA0002C5412 /* XCTest.framework */ = {isa = PBXFileReference; lastKnownFileType = wrapper.framework; name = XCTest.framework; path = Library/Frameworks/XCTest.framework; sourceTree = DEVELOPER_DIR; };
		A2ACDDD219199CA0002C5412 /* DelegateTests-Info.plist */ = {isa = PBXFileReference; lastKnownFileType = text.plist.xml; path = "DelegateTests-Info.plist"; sourceTree = "<group>"; };
		A2ACDDD419199CA0002C5412 /* en */ = {isa = PBXFileReference; lastKnownFileType = text.plist.strings; name = en; path = en.lproj/InfoPlist.strings; sourceTree = "<group>"; };
		A2ACDDD619199CA0002C5412 /* DelegateTests.m */ = {isa = PBXFileReference; lastKnownFileType = sourcecode.c.objc; path = DelegateTests.m; sourceTree = "<group>"; };
/* End PBXFileReference section */

/* Begin PBXFrameworksBuildPhase section */
		A2ACDDA519199C9F002C5412 /* Frameworks */ = {
			isa = PBXFrameworksBuildPhase;
			buildActionMask = 2147483647;
			files = (
				A2ACDDAE19199C9F002C5412 /* CoreGraphics.framework in Frameworks */,
				A2ACDDB019199C9F002C5412 /* UIKit.framework in Frameworks */,
				A2ACDDAC19199C9F002C5412 /* Foundation.framework in Frameworks */,
			);
			runOnlyForDeploymentPostprocessing = 0;
		};
		A2ACDDC619199CA0002C5412 /* Frameworks */ = {
			isa = PBXFrameworksBuildPhase;
			buildActionMask = 2147483647;
			files = (
				A2ACDDCB19199CA0002C5412 /* XCTest.framework in Frameworks */,
				A2ACDDCD19199CA0002C5412 /* UIKit.framework in Frameworks */,
				A2ACDDCC19199CA0002C5412 /* Foundation.framework in Frameworks */,
			);
			runOnlyForDeploymentPostprocessing = 0;
		};
/* End PBXFrameworksBuildPhase section */

/* Begin PBXGroup section */
		A2ACDD9F19199C9F002C5412 = {
			isa = PBXGroup;
			children = (
				A2ACDDB119199C9F002C5412 /* Delegate */,
				A2ACDDD019199CA0002C5412 /* DelegateTests */,
				A2ACDDAA19199C9F002C5412 /* Frameworks */,
				A2ACDDA919199C9F002C5412 /* Products */,
			);
			sourceTree = "<group>";
		};
		A2ACDDA919199C9F002C5412 /* Products */ = {
			isa = PBXGroup;
			children = (
				A2ACDDA819199C9F002C5412 /* Delegate.app */,
				A2ACDDC919199CA0002C5412 /* DelegateTests.xctest */,
			);
			name = Products;
			sourceTree = "<group>";
		};
		A2ACDDAA19199C9F002C5412 /* Frameworks */ = {
			isa = PBXGroup;
			children = (
				A2ACDDAB19199C9F002C5412 /* Foundation.framework */,
				A2ACDDAD19199C9F002C5412 /* CoreGraphics.framework */,
				A2ACDDAF19199C9F002C5412 /* UIKit.framework */,
				A2ACDDCA19199CA0002C5412 /* XCTest.framework */,
			);
			name = Frameworks;
			sourceTree = "<group>";
		};
		A2ACDDB119199C9F002C5412 /* Delegate */ = {
			isa = PBXGroup;
			children = (
				A2ACDDBA19199C9F002C5412 /* ABCAppDelegate.h */,
				A2ACDDBB19199C9F002C5412 /* ABCAppDelegate.m */,
				A2ACDDBD19199C9F002C5412 /* Main.storyboard */,
				A2ACDDC019199C9F002C5412 /* ABCViewController.h */,
				A2ACDDC119199C9F002C5412 /* ABCViewController.m */,
				A2ACDDC319199C9F002C5412 /* Images.xcassets */,
				A2ACDDB219199C9F002C5412 /* Supporting Files */,
			);
			path = Delegate;
			sourceTree = "<group>";
		};
		A2ACDDB219199C9F002C5412 /* Supporting Files */ = {
			isa = PBXGroup;
			children = (
				A2ACDDB319199C9F002C5412 /* Delegate-Info.plist */,
				A2ACDDB419199C9F002C5412 /* InfoPlist.strings */,
				A2ACDDB719199C9F002C5412 /* main.m */,
				A2ACDDB919199C9F002C5412 /* Delegate-Prefix.pch */,
			);
			name = "Supporting Files";
			sourceTree = "<group>";
		};
		A2ACDDD019199CA0002C5412 /* DelegateTests */ = {
			isa = PBXGroup;
			children = (
				A2ACDDD619199CA0002C5412 /* DelegateTests.m */,
				A2ACDDD119199CA0002C5412 /* Supporting Files */,
			);
			path = DelegateTests;
			sourceTree = "<group>";
		};
		A2ACDDD119199CA0002C5412 /* Supporting Files */ = {
			isa = PBXGroup;
			children = (
				A2ACDDD219199CA0002C5412 /* DelegateTests-Info.plist */,
				A2ACDDD319199CA0002C5412 /* InfoPlist.strings */,
			);
			name = "Supporting Files";
			sourceTree = "<group>";
		};
/* End PBXGroup section */

/* Begin PBXNativeTarget section */
		A2ACDDA719199C9F002C5412 /* Delegate */ = {
			isa = PBXNativeTarget;
			buildConfigurationList = A2ACDDDA19199CA0002C5412 /* Build configuration list for PBXNativeTarget "Delegate" */;
			buildPhases = (
				A2ACDDA419199C9F002C5412 /* Sources */,
				A2ACDDA519199C9F002C5412 /* Frameworks */,
				A2ACDDA619199C9F002C5412 /* Resources */,
			);
			buildRules = (
			);
			dependencies = (
			);
			name = Delegate;
			productName = Delegate;
			productReference = A2ACDDA819199C9F002C5412 /* Delegate.app */;
			productType = "com.apple.product-type.application";
		};
		A2ACDDC819199CA0002C5412 /* DelegateTests */ = {
			isa = PBXNativeTarget;
			buildConfigurationList = A2ACDDDD19199CA0002C5412 /* Build configuration list for PBXNativeTarget "DelegateTests" */;
			buildPhases = (
				A2ACDDC519199CA0002C5412 /* Sources */,
				A2ACDDC619199CA0002C5412 /* Frameworks */,
				A2ACDDC719199CA0002C5412 /* Resources */,
			);
			buildRules = (
			);
			dependencies = (
				A2ACDDCF19199CA0002C5412 /* PBXTargetDependency */,
			);
			name = DelegateTests;
			productName = DelegateTests;
			productReference = A2ACDDC919199CA0002C5412 /* DelegateTests.xctest */;
			productType = "com.apple.product-type.bundle.unit-test";
		};
/* End PBXNativeTarget section */

/* Begin PBXProject section */
		A2ACDDA019199C9F002C5412 /* Project object */ = {
			isa = PBXProject;
			attributes = {
				CLASSPREFIX = ABC;
				LastUpgradeCheck = 0510;
				ORGANIZATIONNAME = "Jon Fairbanks";
				TargetAttributes = {
					A2ACDDC819199CA0002C5412 = {
						TestTargetID = A2ACDDA719199C9F002C5412;
					};
				};
			};
			buildConfigurationList = A2ACDDA319199C9F002C5412 /* Build configuration list for PBXProject "Delegate" */;
			compatibilityVersion = "Xcode 3.2";
			developmentRegion = English;
			hasScannedForEncodings = 0;
			knownRegions = (
				en,
				Base,
			);
			mainGroup = A2ACDD9F19199C9F002C5412;
			productRefGroup = A2ACDDA919199C9F002C5412 /* Products */;
			projectDirPath = "";
			projectRoot = "";
			targets = (
				A2ACDDA719199C9F002C5412 /* Delegate */,
				A2ACDDC819199CA0002C5412 /* DelegateTests */,
			);
		};
/* End PBXProject section */

/* Begin PBXResourcesBuildPhase section */
		A2ACDDA619199C9F002C5412 /* Resources */ = {
			isa = PBXResourcesBuildPhase;
			buildActionMask = 2147483647;
			files = (
				A2ACDDC419199C9F002C5412 /* Images.xcassets in Resources */,
				A2ACDDB619199C9F002C5412 /* InfoPlist.strings in Resources */,
				A2ACDDBF19199C9F002C5412 /* Main.storyboard in Resources */,
			);
			runOnlyForDeploymentPostprocessing = 0;
		};
		A2ACDDC719199CA0002C5412 /* Resources */ = {
			isa = PBXResourcesBuildPhase;
			buildActionMask = 2147483647;
			files = (
				A2ACDDD519199CA0002C5412 /* InfoPlist.strings in Resources */,
			);
			runOnlyForDeploymentPostprocessing = 0;
		};
/* End PBXResourcesBuildPhase section */

/* Begin PBXSourcesBuildPhase section */
		A2ACDDA419199C9F002C5412 /* Sources */ = {
			isa = PBXSourcesBuildPhase;
			buildActionMask = 2147483647;
			files = (
				A2ACDDB819199C9F002C5412 /* main.m in Sources */,
				A2ACDDBC19199C9F002C5412 /* ABCAppDelegate.m in Sources */,
				A2ACDDC219199C9F002C5412 /* ABCViewController.m in Sources */,
			);
			runOnlyForDeploymentPostprocessing = 0;
		};
		A2ACDDC519199CA0002C5412 /* Sources */ = {
			isa = PBXSourcesBuildPhase;
			buildActionMask = 2147483647;
			files = (
				A2ACDDD719199CA0002C5412 /* DelegateTests.m in Sources */,
			);
			runOnlyForDeploymentPostprocessing = 0;
		};
/* End PBXSourcesBuildPhase section */

/* Begin PBXTargetDependency section */
		A2ACDDCF19199CA0002C5412 /* PBXTargetDependency */ = {
			isa = PBXTargetDependency;
			target = A2ACDDA719199C9F002C5412 /* Delegate */;
			targetProxy = A2ACDDCE19199CA0002C5412 /* PBXContainerItemProxy */;
		};
/* End PBXTargetDependency section */

/* Begin PBXVariantGroup section */
		A2ACDDB419199C9F002C5412 /* InfoPlist.strings */ = {
			isa = PBXVariantGroup;
			children = (
				A2ACDDB519199C9F002C5412 /* en */,
			);
			name = InfoPlist.strings;
			sourceTree = "<group>";
		};
		A2ACDDBD19199C9F002C5412 /* Main.storyboard */ = {
			isa = PBXVariantGroup;
			children = (
				A2ACDDBE19199C9F002C5412 /* Base */,
			);
			name = Main.storyboard;
			sourceTree = "<group>";
		};
		A2ACDDD319199CA0002C5412 /* InfoPlist.strings */ = {
			isa = PBXVariantGroup;
			children = (
				A2ACDDD419199CA0002C5412 /* en */,
			);
			name = InfoPlist.strings;
			sourceTree = "<group>";
		};
/* End PBXVariantGroup section */

/* Begin XCBuildConfiguration section */
		A2ACDDD819199CA0002C5412 /* Debug */ = {
			isa = XCBuildConfiguration;
			buildSettings = {
				ALWAYS_SEARCH_USER_PATHS = NO;
				CLANG_CXX_LANGUAGE_STANDARD = "gnu++0x";
				CLANG_CXX_LIBRARY = "libc++";
				CLANG_ENABLE_MODULES = YES;
				CLANG_ENABLE_OBJC_ARC = YES;
				CLANG_WARN_BOOL_CONVERSION = YES;
				CLANG_WARN_CONSTANT_CONVERSION = YES;
				CLANG_WARN_DIRECT_OBJC_ISA_USAGE = YES_ERROR;
				CLANG_WARN_EMPTY_BODY = YES;
				CLANG_WARN_ENUM_CONVERSION = YES;
				CLANG_WARN_INT_CONVERSION = YES;
				CLANG_WARN_OBJC_ROOT_CLASS = YES_ERROR;
				CLANG_WARN__DUPLICATE_METHOD_MATCH = YES;
				"CODE_SIGN_IDENTITY[sdk=iphoneos*]" = "iPhone Developer";
				COPY_PHASE_STRIP = NO;
				GCC_C_LANGUAGE_STANDARD = gnu99;
				GCC_DYNAMIC_NO_PIC = NO;
				GCC_OPTIMIZATION_LEVEL = 0;
				GCC_PREPROCESSOR_DEFINITIONS = (
					"DEBUG=1",
					"$(inherited)",
				);
				GCC_SYMBOLS_PRIVATE_EXTERN = NO;
				GCC_WARN_64_TO_32_BIT_CONVERSION = YES;
				GCC_WARN_ABOUT_RETURN_TYPE = YES_ERROR;
				GCC_WARN_UNDECLARED_SELECTOR = YES;
				GCC_WARN_UNINITIALIZED_AUTOS = YES_AGGRESSIVE;
				GCC_WARN_UNUSED_FUNCTION = YES;
				GCC_WARN_UNUSED_VARIABLE = YES;
				IPHONEOS_DEPLOYMENT_TARGET = 7.1;
				ONLY_ACTIVE_ARCH = YES;
				SDKROOT = iphoneos;
			};
			name = Debug;
		};
		A2ACDDD919199CA0002C5412 /* Release */ = {
			isa = XCBuildConfiguration;
			buildSettings = {
				ALWAYS_SEARCH_USER_PATHS = NO;
				CLANG_CXX_LANGUAGE_STANDARD = "gnu++0x";
				CLANG_CXX_LIBRARY = "libc++";
				CLANG_ENABLE_MODULES = YES;
				CLANG_ENABLE_OBJC_ARC = YES;
				CLANG_WARN_BOOL_CONVERSION = YES;
				CLANG_WARN_CONSTANT_CONVERSION = YES;
				CLANG_WARN_DIRECT_OBJC_ISA_USAGE = YES_ERROR;
				CLANG_WARN_EMPTY_BODY = YES;
				CLANG_WARN_ENUM_CONVERSION = YES;
				CLANG_WARN_INT_CONVERSION = YES;
				CLANG_WARN_OBJC_ROOT_CLASS = YES_ERROR;
				CLANG_WARN__DUPLICATE_METHOD_MATCH = YES;
				"CODE_SIGN_IDENTITY[sdk=iphoneos*]" = "iPhone Developer";
				COPY_PHASE_STRIP = YES;
				ENABLE_NS_ASSERTIONS = NO;
				GCC_C_LANGUAGE_STANDARD = gnu99;
				GCC_WARN_64_TO_32_BIT_CONVERSION = YES;
				GCC_WARN_ABOUT_RETURN_TYPE = YES_ERROR;
				GCC_WARN_UNDECLARED_SELECTOR = YES;
				GCC_WARN_UNINITIALIZED_AUTOS = YES_AGGRESSIVE;
				GCC_WARN_UNUSED_FUNCTION = YES;
				GCC_WARN_UNUSED_VARIABLE = YES;
				IPHONEOS_DEPLOYMENT_TARGET = 7.1;
				SDKROOT = iphoneos;
				VALIDATE_PRODUCT = YES;
			};
			name = Release;
		};
		A2ACDDDB19199CA0002C5412 /* Debug */ = {
			isa = XCBuildConfiguration;
			buildSettings = {
				ASSETCATALOG_COMPILER_APPICON_NAME = AppIcon;
				ASSETCATALOG_COMPILER_LAUNCHIMAGE_NAME = LaunchImage;
				GCC_PRECOMPILE_PREFIX_HEADER = YES;
				GCC_PREFIX_HEADER = "Delegate/Delegate-Prefix.pch";
				INFOPLIST_FILE = "Delegate/Delegate-Info.plist";
				PRODUCT_NAME = "$(TARGET_NAME)";
				WRAPPER_EXTENSION = app;
			};
			name = Debug;
		};
		A2ACDDDC19199CA0002C5412 /* Release */ = {
			isa = XCBuildConfiguration;
			buildSettings = {
				ASSETCATALOG_COMPILER_APPICON_NAME = AppIcon;
				ASSETCATALOG_COMPILER_LAUNCHIMAGE_NAME = LaunchImage;
				GCC_PRECOMPILE_PREFIX_HEADER = YES;
				GCC_PREFIX_HEADER = "Delegate/Delegate-Prefix.pch";
				INFOPLIST_FILE = "Delegate/Delegate-Info.plist";
				PRODUCT_NAME = "$(TARGET_NAME)";
				WRAPPER_EXTENSION = app;
			};
			name = Release;
		};
		A2ACDDDE19199CA0002C5412 /* Debug */ = {
			isa = XCBuildConfiguration;
			buildSettings = {
				BUNDLE_LOADER = "$(BUILT_PRODUCTS_DIR)/Delegate.app/Delegate";
				FRAMEWORK_SEARCH_PATHS = (
					"$(SDKROOT)/Developer/Library/Frameworks",
					"$(inherited)",
					"$(DEVELOPER_FRAMEWORKS_DIR)",
				);
				GCC_PRECOMPILE_PREFIX_HEADER = YES;
				GCC_PREFIX_HEADER = "Delegate/Delegate-Prefix.pch";
				GCC_PREPROCESSOR_DEFINITIONS = (
					"DEBUG=1",
					"$(inherited)",
				);
				INFOPLIST_FILE = "DelegateTests/DelegateTests-Info.plist";
				PRODUCT_NAME = "$(TARGET_NAME)";
				TEST_HOST = "$(BUNDLE_LOADER)";
				WRAPPER_EXTENSION = xctest;
			};
			name = Debug;
		};
		A2ACDDDF19199CA0002C5412 /* Release */ = {
			isa = XCBuildConfiguration;
			buildSettings = {
				BUNDLE_LOADER = "$(BUILT_PRODUCTS_DIR)/Delegate.app/Delegate";
				FRAMEWORK_SEARCH_PATHS = (
					"$(SDKROOT)/Developer/Library/Frameworks",
					"$(inherited)",
					"$(DEVELOPER_FRAMEWORKS_DIR)",
				);
				GCC_PRECOMPILE_PREFIX_HEADER = YES;
				GCC_PREFIX_HEADER = "Delegate/Delegate-Prefix.pch";
				INFOPLIST_FILE = "DelegateTests/DelegateTests-Info.plist";
				PRODUCT_NAME = "$(TARGET_NAME)";
				TEST_HOST = "$(BUNDLE_LOADER)";
				WRAPPER_EXTENSION = xctest;
			};
			name = Release;
		};
/* End XCBuildConfiguration section */

/* Begin XCConfigurationList section */
		A2ACDDA319199C9F002C5412 /* Build configuration list for PBXProject "Delegate" */ = {
			isa = XCConfigurationList;
			buildConfigurations = (
				A2ACDDD819199CA0002C5412 /* Debug */,
				A2ACDDD919199CA0002C5412 /* Release */,
			);
			defaultConfigurationIsVisible = 0;
			defaultConfigurationName = Release;
		};
		A2ACDDDA19199CA0002C5412 /* Build configuration list for PBXNativeTarget "Delegate" */ = {
			isa = XCConfigurationList;
			buildConfigurations = (
				A2ACDDDB19199CA0002C5412 /* Debug */,
				A2ACDDDC19199CA0002C5412 /* Release */,
			);
			defaultConfigurationIsVisible = 0;
		};
		A2ACDDDD19199CA0002C5412 /* Build configuration list for PBXNativeTarget "DelegateTests" */ = {
			isa = XCConfigurationList;
			buildConfigurations = (
				A2ACDDDE19199CA0002C5412 /* Debug */,
				A2ACDDDF19199CA0002C5412 /* Release */,
			);
			defaultConfigurationIsVisible = 0;
		};
/* End XCConfigurationList section */
	};
	rootObject = A2ACDDA019199C9F002C5412 /* Project object */;
}
