// !$*UTF8*$!
{
	archiveVersion = 1;
	classes = {
	};
	objectVersion = 46;
	objects = {

/* Begin PBXBuildFile section */
		A2ACDC4D1918572D002C5412 /* Foundation.framework in Frameworks */ = {isa = PBXBuildFile; fileRef = A2ACDC4C1918572D002C5412 /* Foundation.framework */; };
		A2ACDC4F1918572D002C5412 /* CoreGraphics.framework in Frameworks */ = {isa = PBXBuildFile; fileRef = A2ACDC4E1918572D002C5412 /* CoreGraphics.framework */; };
		A2ACDC511918572D002C5412 /* UIKit.framework in Frameworks */ = {isa = PBXBuildFile; fileRef = A2ACDC501918572D002C5412 /* UIKit.framework */; };
		A2ACDC571918572D002C5412 /* InfoPlist.strings in Resources */ = {isa = PBXBuildFile; fileRef = A2ACDC551918572D002C5412 /* InfoPlist.strings */; };
		A2ACDC591918572D002C5412 /* main.m in Sources */ = {isa = PBXBuildFile; fileRef = A2ACDC581918572D002C5412 /* main.m */; };
		A2ACDC5D1918572D002C5412 /* ABCAppDelegate.m in Sources */ = {isa = PBXBuildFile; fileRef = A2ACDC5C1918572D002C5412 /* ABCAppDelegate.m */; };
		A2ACDC5F1918572D002C5412 /* Images.xcassets in Resources */ = {isa = PBXBuildFile; fileRef = A2ACDC5E1918572D002C5412 /* Images.xcassets */; };
		A2ACDC661918572D002C5412 /* XCTest.framework in Frameworks */ = {isa = PBXBuildFile; fileRef = A2ACDC651918572D002C5412 /* XCTest.framework */; };
		A2ACDC671918572D002C5412 /* Foundation.framework in Frameworks */ = {isa = PBXBuildFile; fileRef = A2ACDC4C1918572D002C5412 /* Foundation.framework */; };
		A2ACDC681918572D002C5412 /* UIKit.framework in Frameworks */ = {isa = PBXBuildFile; fileRef = A2ACDC501918572D002C5412 /* UIKit.framework */; };
		A2ACDC701918572D002C5412 /* InfoPlist.strings in Resources */ = {isa = PBXBuildFile; fileRef = A2ACDC6E1918572D002C5412 /* InfoPlist.strings */; };
		A2ACDC721918572D002C5412 /* NavigationTests.m in Sources */ = {isa = PBXBuildFile; fileRef = A2ACDC711918572D002C5412 /* NavigationTests.m */; };
		A2ACDC7E19185772002C5412 /* ABCFirstViewController.m in Sources */ = {isa = PBXBuildFile; fileRef = A2ACDC7C19185772002C5412 /* ABCFirstViewController.m */; };
		A2ACDC7F19185772002C5412 /* ABCFirstViewController.xib in Resources */ = {isa = PBXBuildFile; fileRef = A2ACDC7D19185772002C5412 /* ABCFirstViewController.xib */; };
		A2ACDC86191857A1002C5412 /* ABCSecondViewController.m in Sources */ = {isa = PBXBuildFile; fileRef = A2ACDC84191857A1002C5412 /* ABCSecondViewController.m */; };
		A2ACDC87191857A1002C5412 /* ABCSecondViewController.xib in Resources */ = {isa = PBXBuildFile; fileRef = A2ACDC85191857A1002C5412 /* ABCSecondViewController.xib */; };
		A2ACDC8B191857B4002C5412 /* ABCThirdViewController.m in Sources */ = {isa = PBXBuildFile; fileRef = A2ACDC89191857B4002C5412 /* ABCThirdViewController.m */; };
		A2ACDC8C191857B4002C5412 /* ABCThirdViewController.xib in Resources */ = {isa = PBXBuildFile; fileRef = A2ACDC8A191857B4002C5412 /* ABCThirdViewController.xib */; };
/* End PBXBuildFile section */

/* Begin PBXContainerItemProxy section */
		A2ACDC691918572D002C5412 /* PBXContainerItemProxy */ = {
			isa = PBXContainerItemProxy;
			containerPortal = A2ACDC411918572D002C5412 /* Project object */;
			proxyType = 1;
			remoteGlobalIDString = A2ACDC481918572D002C5412;
			remoteInfo = Navigation;
		};
/* End PBXContainerItemProxy section */

/* Begin PBXFileReference section */
		A2ACDC491918572D002C5412 /* Navigation.app */ = {isa = PBXFileReference; explicitFileType = wrapper.application; includeInIndex = 0; path = Navigation.app; sourceTree = BUILT_PRODUCTS_DIR; };
		A2ACDC4C1918572D002C5412 /* Foundation.framework */ = {isa = PBXFileReference; lastKnownFileType = wrapper.framework; name = Foundation.framework; path = System/Library/Frameworks/Foundation.framework; sourceTree = SDKROOT; };
		A2ACDC4E1918572D002C5412 /* CoreGraphics.framework */ = {isa = PBXFileReference; lastKnownFileType = wrapper.framework; name = CoreGraphics.framework; path = System/Library/Frameworks/CoreGraphics.framework; sourceTree = SDKROOT; };
		A2ACDC501918572D002C5412 /* UIKit.framework */ = {isa = PBXFileReference; lastKnownFileType = wrapper.framework; name = UIKit.framework; path = System/Library/Frameworks/UIKit.framework; sourceTree = SDKROOT; };
		A2ACDC541918572D002C5412 /* Navigation-Info.plist */ = {isa = PBXFileReference; lastKnownFileType = text.plist.xml; path = "Navigation-Info.plist"; sourceTree = "<group>"; };
		A2ACDC561918572D002C5412 /* en */ = {isa = PBXFileReference; lastKnownFileType = text.plist.strings; name = en; path = en.lproj/InfoPlist.strings; sourceTree = "<group>"; };
		A2ACDC581918572D002C5412 /* main.m */ = {isa = PBXFileReference; lastKnownFileType = sourcecode.c.objc; path = main.m; sourceTree = "<group>"; };
		A2ACDC5A1918572D002C5412 /* Navigation-Prefix.pch */ = {isa = PBXFileReference; lastKnownFileType = sourcecode.c.h; path = "Navigation-Prefix.pch"; sourceTree = "<group>"; };
		A2ACDC5B1918572D002C5412 /* ABCAppDelegate.h */ = {isa = PBXFileReference; lastKnownFileType = sourcecode.c.h; path = ABCAppDelegate.h; sourceTree = "<group>"; };
		A2ACDC5C1918572D002C5412 /* ABCAppDelegate.m */ = {isa = PBXFileReference; lastKnownFileType = sourcecode.c.objc; path = ABCAppDelegate.m; sourceTree = "<group>"; };
		A2ACDC5E1918572D002C5412 /* Images.xcassets */ = {isa = PBXFileReference; lastKnownFileType = folder.assetcatalog; path = Images.xcassets; sourceTree = "<group>"; };
		A2ACDC641918572D002C5412 /* NavigationTests.xctest */ = {isa = PBXFileReference; explicitFileType = wrapper.cfbundle; includeInIndex = 0; path = NavigationTests.xctest; sourceTree = BUILT_PRODUCTS_DIR; };
		A2ACDC651918572D002C5412 /* XCTest.framework */ = {isa = PBXFileReference; lastKnownFileType = wrapper.framework; name = XCTest.framework; path = Library/Frameworks/XCTest.framework; sourceTree = DEVELOPER_DIR; };
		A2ACDC6D1918572D002C5412 /* NavigationTests-Info.plist */ = {isa = PBXFileReference; lastKnownFileType = text.plist.xml; path = "NavigationTests-Info.plist"; sourceTree = "<group>"; };
		A2ACDC6F1918572D002C5412 /* en */ = {isa = PBXFileReference; lastKnownFileType = text.plist.strings; name = en; path = en.lproj/InfoPlist.strings; sourceTree = "<group>"; };
		A2ACDC711918572D002C5412 /* NavigationTests.m */ = {isa = PBXFileReference; lastKnownFileType = sourcecode.c.objc; path = NavigationTests.m; sourceTree = "<group>"; };
		A2ACDC7B19185772002C5412 /* ABCFirstViewController.h */ = {isa = PBXFileReference; fileEncoding = 4; lastKnownFileType = sourcecode.c.h; path = ABCFirstViewController.h; sourceTree = "<group>"; };
		A2ACDC7C19185772002C5412 /* ABCFirstViewController.m */ = {isa = PBXFileReference; fileEncoding = 4; lastKnownFileType = sourcecode.c.objc; path = ABCFirstViewController.m; sourceTree = "<group>"; };
		A2ACDC7D19185772002C5412 /* ABCFirstViewController.xib */ = {isa = PBXFileReference; fileEncoding = 4; lastKnownFileType = file.xib; path = ABCFirstViewController.xib; sourceTree = "<group>"; };
		A2ACDC83191857A1002C5412 /* ABCSecondViewController.h */ = {isa = PBXFileReference; fileEncoding = 4; lastKnownFileType = sourcecode.c.h; path = ABCSecondViewController.h; sourceTree = "<group>"; };
		A2ACDC84191857A1002C5412 /* ABCSecondViewController.m */ = {isa = PBXFileReference; fileEncoding = 4; lastKnownFileType = sourcecode.c.objc; path = ABCSecondViewController.m; sourceTree = "<group>"; };
		A2ACDC85191857A1002C5412 /* ABCSecondViewController.xib */ = {isa = PBXFileReference; fileEncoding = 4; lastKnownFileType = file.xib; path = ABCSecondViewController.xib; sourceTree = "<group>"; };
		A2ACDC88191857B4002C5412 /* ABCThirdViewController.h */ = {isa = PBXFileReference; fileEncoding = 4; lastKnownFileType = sourcecode.c.h; path = ABCThirdViewController.h; sourceTree = "<group>"; };
		A2ACDC89191857B4002C5412 /* ABCThirdViewController.m */ = {isa = PBXFileReference; fileEncoding = 4; lastKnownFileType = sourcecode.c.objc; path = ABCThirdViewController.m; sourceTree = "<group>"; };
		A2ACDC8A191857B4002C5412 /* ABCThirdViewController.xib */ = {isa = PBXFileReference; fileEncoding = 4; lastKnownFileType = file.xib; path = ABCThirdViewController.xib; sourceTree = "<group>"; };
/* End PBXFileReference section */

/* Begin PBXFrameworksBuildPhase section */
		A2ACDC461918572D002C5412 /* Frameworks */ = {
			isa = PBXFrameworksBuildPhase;
			buildActionMask = 2147483647;
			files = (
				A2ACDC4F1918572D002C5412 /* CoreGraphics.framework in Frameworks */,
				A2ACDC511918572D002C5412 /* UIKit.framework in Frameworks */,
				A2ACDC4D1918572D002C5412 /* Foundation.framework in Frameworks */,
			);
			runOnlyForDeploymentPostprocessing = 0;
		};
		A2ACDC611918572D002C5412 /* Frameworks */ = {
			isa = PBXFrameworksBuildPhase;
			buildActionMask = 2147483647;
			files = (
				A2ACDC661918572D002C5412 /* XCTest.framework in Frameworks */,
				A2ACDC681918572D002C5412 /* UIKit.framework in Frameworks */,
				A2ACDC671918572D002C5412 /* Foundation.framework in Frameworks */,
			);
			runOnlyForDeploymentPostprocessing = 0;
		};
/* End PBXFrameworksBuildPhase section */

/* Begin PBXGroup section */
		A2ACDC401918572D002C5412 = {
			isa = PBXGroup;
			children = (
				A2ACDC521918572D002C5412 /* Navigation */,
				A2ACDC6B1918572D002C5412 /* NavigationTests */,
				A2ACDC4B1918572D002C5412 /* Frameworks */,
				A2ACDC4A1918572D002C5412 /* Products */,
			);
			sourceTree = "<group>";
		};
		A2ACDC4A1918572D002C5412 /* Products */ = {
			isa = PBXGroup;
			children = (
				A2ACDC491918572D002C5412 /* Navigation.app */,
				A2ACDC641918572D002C5412 /* NavigationTests.xctest */,
			);
			name = Products;
			sourceTree = "<group>";
		};
		A2ACDC4B1918572D002C5412 /* Frameworks */ = {
			isa = PBXGroup;
			children = (
				A2ACDC4C1918572D002C5412 /* Foundation.framework */,
				A2ACDC4E1918572D002C5412 /* CoreGraphics.framework */,
				A2ACDC501918572D002C5412 /* UIKit.framework */,
				A2ACDC651918572D002C5412 /* XCTest.framework */,
			);
			name = Frameworks;
			sourceTree = "<group>";
		};
		A2ACDC521918572D002C5412 /* Navigation */ = {
			isa = PBXGroup;
			children = (
				A2ACDC5B1918572D002C5412 /* ABCAppDelegate.h */,
				A2ACDC5C1918572D002C5412 /* ABCAppDelegate.m */,
				A2ACDC5E1918572D002C5412 /* Images.xcassets */,
				A2ACDC531918572D002C5412 /* Supporting Files */,
				A2ACDC7B19185772002C5412 /* ABCFirstViewController.h */,
				A2ACDC7C19185772002C5412 /* ABCFirstViewController.m */,
				A2ACDC7D19185772002C5412 /* ABCFirstViewController.xib */,
				A2ACDC83191857A1002C5412 /* ABCSecondViewController.h */,
				A2ACDC84191857A1002C5412 /* ABCSecondViewController.m */,
				A2ACDC85191857A1002C5412 /* ABCSecondViewController.xib */,
				A2ACDC88191857B4002C5412 /* ABCThirdViewController.h */,
				A2ACDC89191857B4002C5412 /* ABCThirdViewController.m */,
				A2ACDC8A191857B4002C5412 /* ABCThirdViewController.xib */,
			);
			path = Navigation;
			sourceTree = "<group>";
		};
		A2ACDC531918572D002C5412 /* Supporting Files */ = {
			isa = PBXGroup;
			children = (
				A2ACDC541918572D002C5412 /* Navigation-Info.plist */,
				A2ACDC551918572D002C5412 /* InfoPlist.strings */,
				A2ACDC581918572D002C5412 /* main.m */,
				A2ACDC5A1918572D002C5412 /* Navigation-Prefix.pch */,
			);
			name = "Supporting Files";
			sourceTree = "<group>";
		};
		A2ACDC6B1918572D002C5412 /* NavigationTests */ = {
			isa = PBXGroup;
			children = (
				A2ACDC711918572D002C5412 /* NavigationTests.m */,
				A2ACDC6C1918572D002C5412 /* Supporting Files */,
			);
			path = NavigationTests;
			sourceTree = "<group>";
		};
		A2ACDC6C1918572D002C5412 /* Supporting Files */ = {
			isa = PBXGroup;
			children = (
				A2ACDC6D1918572D002C5412 /* NavigationTests-Info.plist */,
				A2ACDC6E1918572D002C5412 /* InfoPlist.strings */,
			);
			name = "Supporting Files";
			sourceTree = "<group>";
		};
/* End PBXGroup section */

/* Begin PBXNativeTarget section */
		A2ACDC481918572D002C5412 /* Navigation */ = {
			isa = PBXNativeTarget;
			buildConfigurationList = A2ACDC751918572D002C5412 /* Build configuration list for PBXNativeTarget "Navigation" */;
			buildPhases = (
				A2ACDC451918572D002C5412 /* Sources */,
				A2ACDC461918572D002C5412 /* Frameworks */,
				A2ACDC471918572D002C5412 /* Resources */,
			);
			buildRules = (
			);
			dependencies = (
			);
			name = Navigation;
			productName = Navigation;
			productReference = A2ACDC491918572D002C5412 /* Navigation.app */;
			productType = "com.apple.product-type.application";
		};
		A2ACDC631918572D002C5412 /* NavigationTests */ = {
			isa = PBXNativeTarget;
			buildConfigurationList = A2ACDC781918572D002C5412 /* Build configuration list for PBXNativeTarget "NavigationTests" */;
			buildPhases = (
				A2ACDC601918572D002C5412 /* Sources */,
				A2ACDC611918572D002C5412 /* Frameworks */,
				A2ACDC621918572D002C5412 /* Resources */,
			);
			buildRules = (
			);
			dependencies = (
				A2ACDC6A1918572D002C5412 /* PBXTargetDependency */,
			);
			name = NavigationTests;
			productName = NavigationTests;
			productReference = A2ACDC641918572D002C5412 /* NavigationTests.xctest */;
			productType = "com.apple.product-type.bundle.unit-test";
		};
/* End PBXNativeTarget section */

/* Begin PBXProject section */
		A2ACDC411918572D002C5412 /* Project object */ = {
			isa = PBXProject;
			attributes = {
				CLASSPREFIX = ABC;
				LastUpgradeCheck = 0510;
				ORGANIZATIONNAME = "Jon Fairbanks";
				TargetAttributes = {
					A2ACDC631918572D002C5412 = {
						TestTargetID = A2ACDC481918572D002C5412;
					};
				};
			};
			buildConfigurationList = A2ACDC441918572D002C5412 /* Build configuration list for PBXProject "Navigation" */;
			compatibilityVersion = "Xcode 3.2";
			developmentRegion = English;
			hasScannedForEncodings = 0;
			knownRegions = (
				en,
			);
			mainGroup = A2ACDC401918572D002C5412;
			productRefGroup = A2ACDC4A1918572D002C5412 /* Products */;
			projectDirPath = "";
			projectRoot = "";
			targets = (
				A2ACDC481918572D002C5412 /* Navigation */,
				A2ACDC631918572D002C5412 /* NavigationTests */,
			);
		};
/* End PBXProject section */

/* Begin PBXResourcesBuildPhase section */
		A2ACDC471918572D002C5412 /* Resources */ = {
			isa = PBXResourcesBuildPhase;
			buildActionMask = 2147483647;
			files = (
				A2ACDC571918572D002C5412 /* InfoPlist.strings in Resources */,
				A2ACDC87191857A1002C5412 /* ABCSecondViewController.xib in Resources */,
				A2ACDC7F19185772002C5412 /* ABCFirstViewController.xib in Resources */,
				A2ACDC8C191857B4002C5412 /* ABCThirdViewController.xib in Resources */,
				A2ACDC5F1918572D002C5412 /* Images.xcassets in Resources */,
			);
			runOnlyForDeploymentPostprocessing = 0;
		};
		A2ACDC621918572D002C5412 /* Resources */ = {
			isa = PBXResourcesBuildPhase;
			buildActionMask = 2147483647;
			files = (
				A2ACDC701918572D002C5412 /* InfoPlist.strings in Resources */,
			);
			runOnlyForDeploymentPostprocessing = 0;
		};
/* End PBXResourcesBuildPhase section */

/* Begin PBXSourcesBuildPhase section */
		A2ACDC451918572D002C5412 /* Sources */ = {
			isa = PBXSourcesBuildPhase;
			buildActionMask = 2147483647;
			files = (
				A2ACDC591918572D002C5412 /* main.m in Sources */,
				A2ACDC86191857A1002C5412 /* ABCSecondViewController.m in Sources */,
				A2ACDC5D1918572D002C5412 /* ABCAppDelegate.m in Sources */,
				A2ACDC7E19185772002C5412 /* ABCFirstViewController.m in Sources */,
				A2ACDC8B191857B4002C5412 /* ABCThirdViewController.m in Sources */,
			);
			runOnlyForDeploymentPostprocessing = 0;
		};
		A2ACDC601918572D002C5412 /* Sources */ = {
			isa = PBXSourcesBuildPhase;
			buildActionMask = 2147483647;
			files = (
				A2ACDC721918572D002C5412 /* NavigationTests.m in Sources */,
			);
			runOnlyForDeploymentPostprocessing = 0;
		};
/* End PBXSourcesBuildPhase section */

/* Begin PBXTargetDependency section */
		A2ACDC6A1918572D002C5412 /* PBXTargetDependency */ = {
			isa = PBXTargetDependency;
			target = A2ACDC481918572D002C5412 /* Navigation */;
			targetProxy = A2ACDC691918572D002C5412 /* PBXContainerItemProxy */;
		};
/* End PBXTargetDependency section */

/* Begin PBXVariantGroup section */
		A2ACDC551918572D002C5412 /* InfoPlist.strings */ = {
			isa = PBXVariantGroup;
			children = (
				A2ACDC561918572D002C5412 /* en */,
			);
			name = InfoPlist.strings;
			sourceTree = "<group>";
		};
		A2ACDC6E1918572D002C5412 /* InfoPlist.strings */ = {
			isa = PBXVariantGroup;
			children = (
				A2ACDC6F1918572D002C5412 /* en */,
			);
			name = InfoPlist.strings;
			sourceTree = "<group>";
		};
/* End PBXVariantGroup section */

/* Begin XCBuildConfiguration section */
		A2ACDC731918572D002C5412 /* Debug */ = {
			isa = XCBuildConfiguration;
			buildSettings = {
				ALWAYS_SEARCH_USER_PATHS = NO;
				CLANG_CXX_LANGUAGE_STANDARD = "gnu++0x";
				CLANG_CXX_LIBRARY = "libc++";
				CLANG_ENABLE_MODULES = YES;
				CLANG_ENABLE_OBJC_ARC = YES;
				CLANG_WARN_BOOL_CONVERSION = YES;
				CLANG_WARN_CONSTANT_CONVERSION = YES;
				CLANG_WARN_DIRECT_OBJC_ISA_USAGE = YES_ERROR;
				CLANG_WARN_EMPTY_BODY = YES;
				CLANG_WARN_ENUM_CONVERSION = YES;
				CLANG_WARN_INT_CONVERSION = YES;
				CLANG_WARN_OBJC_ROOT_CLASS = YES_ERROR;
				CLANG_WARN__DUPLICATE_METHOD_MATCH = YES;
				"CODE_SIGN_IDENTITY[sdk=iphoneos*]" = "iPhone Developer";
				COPY_PHASE_STRIP = NO;
				GCC_C_LANGUAGE_STANDARD = gnu99;
				GCC_DYNAMIC_NO_PIC = NO;
				GCC_OPTIMIZATION_LEVEL = 0;
				GCC_PREPROCESSOR_DEFINITIONS = (
					"DEBUG=1",
					"$(inherited)",
				);
				GCC_SYMBOLS_PRIVATE_EXTERN = NO;
				GCC_WARN_64_TO_32_BIT_CONVERSION = YES;
				GCC_WARN_ABOUT_RETURN_TYPE = YES_ERROR;
				GCC_WARN_UNDECLARED_SELECTOR = YES;
				GCC_WARN_UNINITIALIZED_AUTOS = YES_AGGRESSIVE;
				GCC_WARN_UNUSED_FUNCTION = YES;
				GCC_WARN_UNUSED_VARIABLE = YES;
				IPHONEOS_DEPLOYMENT_TARGET = 7.1;
				ONLY_ACTIVE_ARCH = YES;
				SDKROOT = iphoneos;
			};
			name = Debug;
		};
		A2ACDC741918572D002C5412 /* Release */ = {
			isa = XCBuildConfiguration;
			buildSettings = {
				ALWAYS_SEARCH_USER_PATHS = NO;
				CLANG_CXX_LANGUAGE_STANDARD = "gnu++0x";
				CLANG_CXX_LIBRARY = "libc++";
				CLANG_ENABLE_MODULES = YES;
				CLANG_ENABLE_OBJC_ARC = YES;
				CLANG_WARN_BOOL_CONVERSION = YES;
				CLANG_WARN_CONSTANT_CONVERSION = YES;
				CLANG_WARN_DIRECT_OBJC_ISA_USAGE = YES_ERROR;
				CLANG_WARN_EMPTY_BODY = YES;
				CLANG_WARN_ENUM_CONVERSION = YES;
				CLANG_WARN_INT_CONVERSION = YES;
				CLANG_WARN_OBJC_ROOT_CLASS = YES_ERROR;
				CLANG_WARN__DUPLICATE_METHOD_MATCH = YES;
				"CODE_SIGN_IDENTITY[sdk=iphoneos*]" = "iPhone Developer";
				COPY_PHASE_STRIP = YES;
				ENABLE_NS_ASSERTIONS = NO;
				GCC_C_LANGUAGE_STANDARD = gnu99;
				GCC_WARN_64_TO_32_BIT_CONVERSION = YES;
				GCC_WARN_ABOUT_RETURN_TYPE = YES_ERROR;
				GCC_WARN_UNDECLARED_SELECTOR = YES;
				GCC_WARN_UNINITIALIZED_AUTOS = YES_AGGRESSIVE;
				GCC_WARN_UNUSED_FUNCTION = YES;
				GCC_WARN_UNUSED_VARIABLE = YES;
				IPHONEOS_DEPLOYMENT_TARGET = 7.1;
				SDKROOT = iphoneos;
				VALIDATE_PRODUCT = YES;
			};
			name = Release;
		};
		A2ACDC761918572D002C5412 /* Debug */ = {
			isa = XCBuildConfiguration;
			buildSettings = {
				ASSETCATALOG_COMPILER_APPICON_NAME = AppIcon;
				ASSETCATALOG_COMPILER_LAUNCHIMAGE_NAME = LaunchImage;
				GCC_PRECOMPILE_PREFIX_HEADER = YES;
				GCC_PREFIX_HEADER = "Navigation/Navigation-Prefix.pch";
				INFOPLIST_FILE = "Navigation/Navigation-Info.plist";
				PRODUCT_NAME = "$(TARGET_NAME)";
				WRAPPER_EXTENSION = app;
			};
			name = Debug;
		};
		A2ACDC771918572D002C5412 /* Release */ = {
			isa = XCBuildConfiguration;
			buildSettings = {
				ASSETCATALOG_COMPILER_APPICON_NAME = AppIcon;
				ASSETCATALOG_COMPILER_LAUNCHIMAGE_NAME = LaunchImage;
				GCC_PRECOMPILE_PREFIX_HEADER = YES;
				GCC_PREFIX_HEADER = "Navigation/Navigation-Prefix.pch";
				INFOPLIST_FILE = "Navigation/Navigation-Info.plist";
				PRODUCT_NAME = "$(TARGET_NAME)";
				WRAPPER_EXTENSION = app;
			};
			name = Release;
		};
		A2ACDC791918572D002C5412 /* Debug */ = {
			isa = XCBuildConfiguration;
			buildSettings = {
				BUNDLE_LOADER = "$(BUILT_PRODUCTS_DIR)/Navigation.app/Navigation";
				FRAMEWORK_SEARCH_PATHS = (
					"$(SDKROOT)/Developer/Library/Frameworks",
					"$(inherited)",
					"$(DEVELOPER_FRAMEWORKS_DIR)",
				);
				GCC_PRECOMPILE_PREFIX_HEADER = YES;
				GCC_PREFIX_HEADER = "Navigation/Navigation-Prefix.pch";
				GCC_PREPROCESSOR_DEFINITIONS = (
					"DEBUG=1",
					"$(inherited)",
				);
				INFOPLIST_FILE = "NavigationTests/NavigationTests-Info.plist";
				PRODUCT_NAME = "$(TARGET_NAME)";
				TEST_HOST = "$(BUNDLE_LOADER)";
				WRAPPER_EXTENSION = xctest;
			};
			name = Debug;
		};
		A2ACDC7A1918572D002C5412 /* Release */ = {
			isa = XCBuildConfiguration;
			buildSettings = {
				BUNDLE_LOADER = "$(BUILT_PRODUCTS_DIR)/Navigation.app/Navigation";
				FRAMEWORK_SEARCH_PATHS = (
					"$(SDKROOT)/Developer/Library/Frameworks",
					"$(inherited)",
					"$(DEVELOPER_FRAMEWORKS_DIR)",
				);
				GCC_PRECOMPILE_PREFIX_HEADER = YES;
				GCC_PREFIX_HEADER = "Navigation/Navigation-Prefix.pch";
				INFOPLIST_FILE = "NavigationTests/NavigationTests-Info.plist";
				PRODUCT_NAME = "$(TARGET_NAME)";
				TEST_HOST = "$(BUNDLE_LOADER)";
				WRAPPER_EXTENSION = xctest;
			};
			name = Release;
		};
/* End XCBuildConfiguration section */

/* Begin XCConfigurationList section */
		A2ACDC441918572D002C5412 /* Build configuration list for PBXProject "Navigation" */ = {
			isa = XCConfigurationList;
			buildConfigurations = (
				A2ACDC731918572D002C5412 /* Debug */,
				A2ACDC741918572D002C5412 /* Release */,
			);
			defaultConfigurationIsVisible = 0;
			defaultConfigurationName = Release;
		};
		A2ACDC751918572D002C5412 /* Build configuration list for PBXNativeTarget "Navigation" */ = {
			isa = XCConfigurationList;
			buildConfigurations = (
				A2ACDC761918572D002C5412 /* Debug */,
				A2ACDC771918572D002C5412 /* Release */,
			);
			defaultConfigurationIsVisible = 0;
		};
		A2ACDC781918572D002C5412 /* Build configuration list for PBXNativeTarget "NavigationTests" */ = {
			isa = XCConfigurationList;
			buildConfigurations = (
				A2ACDC791918572D002C5412 /* Debug */,
				A2ACDC7A1918572D002C5412 /* Release */,
			);
			defaultConfigurationIsVisible = 0;
		};
/* End XCConfigurationList section */
	};
	rootObject = A2ACDC411918572D002C5412 /* Project object */;
}
