// !$*UTF8*$!
{
	archiveVersion = 1;
	classes = {
	};
	objectVersion = 46;
	objects = {

/* Begin PBXBuildFile section */
		A2ACDCE419195D27002C5412 /* Foundation.framework in Frameworks */ = {isa = PBXBuildFile; fileRef = A2ACDCE319195D27002C5412 /* Foundation.framework */; };
		A2ACDCE619195D27002C5412 /* CoreGraphics.framework in Frameworks */ = {isa = PBXBuildFile; fileRef = A2ACDCE519195D27002C5412 /* CoreGraphics.framework */; };
		A2ACDCE819195D27002C5412 /* UIKit.framework in Frameworks */ = {isa = PBXBuildFile; fileRef = A2ACDCE719195D27002C5412 /* UIKit.framework */; };
		A2ACDCEE19195D27002C5412 /* InfoPlist.strings in Resources */ = {isa = PBXBuildFile; fileRef = A2ACDCEC19195D27002C5412 /* InfoPlist.strings */; };
		A2ACDCF019195D27002C5412 /* main.m in Sources */ = {isa = PBXBuildFile; fileRef = A2ACDCEF19195D27002C5412 /* main.m */; };
		A2ACDCF419195D27002C5412 /* ABCAppDelegate.m in Sources */ = {isa = PBXBuildFile; fileRef = A2ACDCF319195D27002C5412 /* ABCAppDelegate.m */; };
		A2ACDCF619195D27002C5412 /* Images.xcassets in Resources */ = {isa = PBXBuildFile; fileRef = A2ACDCF519195D27002C5412 /* Images.xcassets */; };
		A2ACDCFD19195D27002C5412 /* XCTest.framework in Frameworks */ = {isa = PBXBuildFile; fileRef = A2ACDCFC19195D27002C5412 /* XCTest.framework */; };
		A2ACDCFE19195D27002C5412 /* Foundation.framework in Frameworks */ = {isa = PBXBuildFile; fileRef = A2ACDCE319195D27002C5412 /* Foundation.framework */; };
		A2ACDCFF19195D27002C5412 /* UIKit.framework in Frameworks */ = {isa = PBXBuildFile; fileRef = A2ACDCE719195D27002C5412 /* UIKit.framework */; };
		A2ACDD0719195D28002C5412 /* InfoPlist.strings in Resources */ = {isa = PBXBuildFile; fileRef = A2ACDD0519195D27002C5412 /* InfoPlist.strings */; };
		A2ACDD0919195D28002C5412 /* ContainerTests.m in Sources */ = {isa = PBXBuildFile; fileRef = A2ACDD0819195D28002C5412 /* ContainerTests.m */; };
		A2ACDD1519195D61002C5412 /* ABCMainViewController.m in Sources */ = {isa = PBXBuildFile; fileRef = A2ACDD1319195D61002C5412 /* ABCMainViewController.m */; };
		A2ACDD1619195D61002C5412 /* ABCMainViewController.xib in Resources */ = {isa = PBXBuildFile; fileRef = A2ACDD1419195D61002C5412 /* ABCMainViewController.xib */; };
		A2ACDD1A19195D79002C5412 /* ABCMapViewController.m in Sources */ = {isa = PBXBuildFile; fileRef = A2ACDD1819195D79002C5412 /* ABCMapViewController.m */; };
		A2ACDD1B19195D79002C5412 /* ABCMapViewController.xib in Resources */ = {isa = PBXBuildFile; fileRef = A2ACDD1919195D79002C5412 /* ABCMapViewController.xib */; };
		A2ACDD1E19195DAC002C5412 /* ABCSliderViewController.m in Sources */ = {isa = PBXBuildFile; fileRef = A2ACDD1D19195DAC002C5412 /* ABCSliderViewController.m */; };
		A2ACDD2019195E0E002C5412 /* ABCSliderViewController.xib in Resources */ = {isa = PBXBuildFile; fileRef = A2ACDD1F19195E0E002C5412 /* ABCSliderViewController.xib */; };
		A2ACDD221919621D002C5412 /* MapKit.framework in Frameworks */ = {isa = PBXBuildFile; fileRef = A2ACDD211919621D002C5412 /* MapKit.framework */; };
/* End PBXBuildFile section */

/* Begin PBXContainerItemProxy section */
		A2ACDD0019195D27002C5412 /* PBXContainerItemProxy */ = {
			isa = PBXContainerItemProxy;
			containerPortal = A2ACDCD819195D27002C5412 /* Project object */;
			proxyType = 1;
			remoteGlobalIDString = A2ACDCDF19195D27002C5412;
			remoteInfo = Container;
		};
/* End PBXContainerItemProxy section */

/* Begin PBXFileReference section */
		A2ACDCE019195D27002C5412 /* Container.app */ = {isa = PBXFileReference; explicitFileType = wrapper.application; includeInIndex = 0; path = Container.app; sourceTree = BUILT_PRODUCTS_DIR; };
		A2ACDCE319195D27002C5412 /* Foundation.framework */ = {isa = PBXFileReference; lastKnownFileType = wrapper.framework; name = Foundation.framework; path = System/Library/Frameworks/Foundation.framework; sourceTree = SDKROOT; };
		A2ACDCE519195D27002C5412 /* CoreGraphics.framework */ = {isa = PBXFileReference; lastKnownFileType = wrapper.framework; name = CoreGraphics.framework; path = System/Library/Frameworks/CoreGraphics.framework; sourceTree = SDKROOT; };
		A2ACDCE719195D27002C5412 /* UIKit.framework */ = {isa = PBXFileReference; lastKnownFileType = wrapper.framework; name = UIKit.framework; path = System/Library/Frameworks/UIKit.framework; sourceTree = SDKROOT; };
		A2ACDCEB19195D27002C5412 /* Container-Info.plist */ = {isa = PBXFileReference; lastKnownFileType = text.plist.xml; path = "Container-Info.plist"; sourceTree = "<group>"; };
		A2ACDCED19195D27002C5412 /* en */ = {isa = PBXFileReference; lastKnownFileType = text.plist.strings; name = en; path = en.lproj/InfoPlist.strings; sourceTree = "<group>"; };
		A2ACDCEF19195D27002C5412 /* main.m */ = {isa = PBXFileReference; lastKnownFileType = sourcecode.c.objc; path = main.m; sourceTree = "<group>"; };
		A2ACDCF119195D27002C5412 /* Container-Prefix.pch */ = {isa = PBXFileReference; lastKnownFileType = sourcecode.c.h; path = "Container-Prefix.pch"; sourceTree = "<group>"; };
		A2ACDCF219195D27002C5412 /* ABCAppDelegate.h */ = {isa = PBXFileReference; lastKnownFileType = sourcecode.c.h; path = ABCAppDelegate.h; sourceTree = "<group>"; };
		A2ACDCF319195D27002C5412 /* ABCAppDelegate.m */ = {isa = PBXFileReference; lastKnownFileType = sourcecode.c.objc; path = ABCAppDelegate.m; sourceTree = "<group>"; };
		A2ACDCF519195D27002C5412 /* Images.xcassets */ = {isa = PBXFileReference; lastKnownFileType = folder.assetcatalog; path = Images.xcassets; sourceTree = "<group>"; };
		A2ACDCFB19195D27002C5412 /* ContainerTests.xctest */ = {isa = PBXFileReference; explicitFileType = wrapper.cfbundle; includeInIndex = 0; path = ContainerTests.xctest; sourceTree = BUILT_PRODUCTS_DIR; };
		A2ACDCFC19195D27002C5412 /* XCTest.framework */ = {isa = PBXFileReference; lastKnownFileType = wrapper.framework; name = XCTest.framework; path = Library/Frameworks/XCTest.framework; sourceTree = DEVELOPER_DIR; };
		A2ACDD0419195D27002C5412 /* ContainerTests-Info.plist */ = {isa = PBXFileReference; lastKnownFileType = text.plist.xml; path = "ContainerTests-Info.plist"; sourceTree = "<group>"; };
		A2ACDD0619195D27002C5412 /* en */ = {isa = PBXFileReference; lastKnownFileType = text.plist.strings; name = en; path = en.lproj/InfoPlist.strings; sourceTree = "<group>"; };
		A2ACDD0819195D28002C5412 /* ContainerTests.m */ = {isa = PBXFileReference; lastKnownFileType = sourcecode.c.objc; path = ContainerTests.m; sourceTree = "<group>"; };
		A2ACDD1219195D61002C5412 /* ABCMainViewController.h */ = {isa = PBXFileReference; fileEncoding = 4; lastKnownFileType = sourcecode.c.h; path = ABCMainViewController.h; sourceTree = "<group>"; };
		A2ACDD1319195D61002C5412 /* ABCMainViewController.m */ = {isa = PBXFileReference; fileEncoding = 4; lastKnownFileType = sourcecode.c.objc; path = ABCMainViewController.m; sourceTree = "<group>"; };
		A2ACDD1419195D61002C5412 /* ABCMainViewController.xib */ = {isa = PBXFileReference; fileEncoding = 4; lastKnownFileType = file.xib; path = ABCMainViewController.xib; sourceTree = "<group>"; };
		A2ACDD1719195D79002C5412 /* ABCMapViewController.h */ = {isa = PBXFileReference; fileEncoding = 4; lastKnownFileType = sourcecode.c.h; path = ABCMapViewController.h; sourceTree = "<group>"; };
		A2ACDD1819195D79002C5412 /* ABCMapViewController.m */ = {isa = PBXFileReference; fileEncoding = 4; lastKnownFileType = sourcecode.c.objc; path = ABCMapViewController.m; sourceTree = "<group>"; };
		A2ACDD1919195D79002C5412 /* ABCMapViewController.xib */ = {isa = PBXFileReference; fileEncoding = 4; lastKnownFileType = file.xib; path = ABCMapViewController.xib; sourceTree = "<group>"; };
		A2ACDD1C19195DAC002C5412 /* ABCSliderViewController.h */ = {isa = PBXFileReference; fileEncoding = 4; lastKnownFileType = sourcecode.c.h; path = ABCSliderViewController.h; sourceTree = "<group>"; };
		A2ACDD1D19195DAC002C5412 /* ABCSliderViewController.m */ = {isa = PBXFileReference; fileEncoding = 4; lastKnownFileType = sourcecode.c.objc; path = ABCSliderViewController.m; sourceTree = "<group>"; };
		A2ACDD1F19195E0E002C5412 /* ABCSliderViewController.xib */ = {isa = PBXFileReference; fileEncoding = 4; lastKnownFileType = file.xib; path = ABCSliderViewController.xib; sourceTree = "<group>"; };
		A2ACDD211919621D002C5412 /* MapKit.framework */ = {isa = PBXFileReference; lastKnownFileType = wrapper.framework; name = MapKit.framework; path = System/Library/Frameworks/MapKit.framework; sourceTree = SDKROOT; };
/* End PBXFileReference section */

/* Begin PBXFrameworksBuildPhase section */
		A2ACDCDD19195D27002C5412 /* Frameworks */ = {
			isa = PBXFrameworksBuildPhase;
			buildActionMask = 2147483647;
			files = (
				A2ACDD221919621D002C5412 /* MapKit.framework in Frameworks */,
				A2ACDCE619195D27002C5412 /* CoreGraphics.framework in Frameworks */,
				A2ACDCE819195D27002C5412 /* UIKit.framework in Frameworks */,
				A2ACDCE419195D27002C5412 /* Foundation.framework in Frameworks */,
			);
			runOnlyForDeploymentPostprocessing = 0;
		};
		A2ACDCF819195D27002C5412 /* Frameworks */ = {
			isa = PBXFrameworksBuildPhase;
			buildActionMask = 2147483647;
			files = (
				A2ACDCFD19195D27002C5412 /* XCTest.framework in Frameworks */,
				A2ACDCFF19195D27002C5412 /* UIKit.framework in Frameworks */,
				A2ACDCFE19195D27002C5412 /* Foundation.framework in Frameworks */,
			);
			runOnlyForDeploymentPostprocessing = 0;
		};
/* End PBXFrameworksBuildPhase section */

/* Begin PBXGroup section */
		A2ACDCD719195D27002C5412 = {
			isa = PBXGroup;
			children = (
				A2ACDCE919195D27002C5412 /* Container */,
				A2ACDD0219195D27002C5412 /* ContainerTests */,
				A2ACDCE219195D27002C5412 /* Frameworks */,
				A2ACDCE119195D27002C5412 /* Products */,
			);
			sourceTree = "<group>";
		};
		A2ACDCE119195D27002C5412 /* Products */ = {
			isa = PBXGroup;
			children = (
				A2ACDCE019195D27002C5412 /* Container.app */,
				A2ACDCFB19195D27002C5412 /* ContainerTests.xctest */,
			);
			name = Products;
			sourceTree = "<group>";
		};
		A2ACDCE219195D27002C5412 /* Frameworks */ = {
			isa = PBXGroup;
			children = (
				A2ACDD211919621D002C5412 /* MapKit.framework */,
				A2ACDCE319195D27002C5412 /* Foundation.framework */,
				A2ACDCE519195D27002C5412 /* CoreGraphics.framework */,
				A2ACDCE719195D27002C5412 /* UIKit.framework */,
				A2ACDCFC19195D27002C5412 /* XCTest.framework */,
			);
			name = Frameworks;
			sourceTree = "<group>";
		};
		A2ACDCE919195D27002C5412 /* Container */ = {
			isa = PBXGroup;
			children = (
				A2ACDCF219195D27002C5412 /* ABCAppDelegate.h */,
				A2ACDCF319195D27002C5412 /* ABCAppDelegate.m */,
				A2ACDCF519195D27002C5412 /* Images.xcassets */,
				A2ACDCEA19195D27002C5412 /* Supporting Files */,
				A2ACDD1219195D61002C5412 /* ABCMainViewController.h */,
				A2ACDD1319195D61002C5412 /* ABCMainViewController.m */,
				A2ACDD1419195D61002C5412 /* ABCMainViewController.xib */,
				A2ACDD1719195D79002C5412 /* ABCMapViewController.h */,
				A2ACDD1819195D79002C5412 /* ABCMapViewController.m */,
				A2ACDD1919195D79002C5412 /* ABCMapViewController.xib */,
				A2ACDD1C19195DAC002C5412 /* ABCSliderViewController.h */,
				A2ACDD1D19195DAC002C5412 /* ABCSliderViewController.m */,
				A2ACDD1F19195E0E002C5412 /* ABCSliderViewController.xib */,
			);
			path = Container;
			sourceTree = "<group>";
		};
		A2ACDCEA19195D27002C5412 /* Supporting Files */ = {
			isa = PBXGroup;
			children = (
				A2ACDCEB19195D27002C5412 /* Container-Info.plist */,
				A2ACDCEC19195D27002C5412 /* InfoPlist.strings */,
				A2ACDCEF19195D27002C5412 /* main.m */,
				A2ACDCF119195D27002C5412 /* Container-Prefix.pch */,
			);
			name = "Supporting Files";
			sourceTree = "<group>";
		};
		A2ACDD0219195D27002C5412 /* ContainerTests */ = {
			isa = PBXGroup;
			children = (
				A2ACDD0819195D28002C5412 /* ContainerTests.m */,
				A2ACDD0319195D27002C5412 /* Supporting Files */,
			);
			path = ContainerTests;
			sourceTree = "<group>";
		};
		A2ACDD0319195D27002C5412 /* Supporting Files */ = {
			isa = PBXGroup;
			children = (
				A2ACDD0419195D27002C5412 /* ContainerTests-Info.plist */,
				A2ACDD0519195D27002C5412 /* InfoPlist.strings */,
			);
			name = "Supporting Files";
			sourceTree = "<group>";
		};
/* End PBXGroup section */

/* Begin PBXNativeTarget section */
		A2ACDCDF19195D27002C5412 /* Container */ = {
			isa = PBXNativeTarget;
			buildConfigurationList = A2ACDD0C19195D28002C5412 /* Build configuration list for PBXNativeTarget "Container" */;
			buildPhases = (
				A2ACDCDC19195D27002C5412 /* Sources */,
				A2ACDCDD19195D27002C5412 /* Frameworks */,
				A2ACDCDE19195D27002C5412 /* Resources */,
			);
			buildRules = (
			);
			dependencies = (
			);
			name = Container;
			productName = Container;
			productReference = A2ACDCE019195D27002C5412 /* Container.app */;
			productType = "com.apple.product-type.application";
		};
		A2ACDCFA19195D27002C5412 /* ContainerTests */ = {
			isa = PBXNativeTarget;
			buildConfigurationList = A2ACDD0F19195D28002C5412 /* Build configuration list for PBXNativeTarget "ContainerTests" */;
			buildPhases = (
				A2ACDCF719195D27002C5412 /* Sources */,
				A2ACDCF819195D27002C5412 /* Frameworks */,
				A2ACDCF919195D27002C5412 /* Resources */,
			);
			buildRules = (
			);
			dependencies = (
				A2ACDD0119195D27002C5412 /* PBXTargetDependency */,
			);
			name = ContainerTests;
			productName = ContainerTests;
			productReference = A2ACDCFB19195D27002C5412 /* ContainerTests.xctest */;
			productType = "com.apple.product-type.bundle.unit-test";
		};
/* End PBXNativeTarget section */

/* Begin PBXProject section */
		A2ACDCD819195D27002C5412 /* Project object */ = {
			isa = PBXProject;
			attributes = {
				CLASSPREFIX = ABC;
				LastUpgradeCheck = 0510;
				ORGANIZATIONNAME = "Jon Fairbanks";
				TargetAttributes = {
					A2ACDCFA19195D27002C5412 = {
						TestTargetID = A2ACDCDF19195D27002C5412;
					};
				};
			};
			buildConfigurationList = A2ACDCDB19195D27002C5412 /* Build configuration list for PBXProject "Container" */;
			compatibilityVersion = "Xcode 3.2";
			developmentRegion = English;
			hasScannedForEncodings = 0;
			knownRegions = (
				en,
			);
			mainGroup = A2ACDCD719195D27002C5412;
			productRefGroup = A2ACDCE119195D27002C5412 /* Products */;
			projectDirPath = "";
			projectRoot = "";
			targets = (
				A2ACDCDF19195D27002C5412 /* Container */,
				A2ACDCFA19195D27002C5412 /* ContainerTests */,
			);
		};
/* End PBXProject section */

/* Begin PBXResourcesBuildPhase section */
		A2ACDCDE19195D27002C5412 /* Resources */ = {
			isa = PBXResourcesBuildPhase;
			buildActionMask = 2147483647;
			files = (
				A2ACDD1B19195D79002C5412 /* ABCMapViewController.xib in Resources */,
				A2ACDCEE19195D27002C5412 /* InfoPlist.strings in Resources */,
				A2ACDD2019195E0E002C5412 /* ABCSliderViewController.xib in Resources */,
				A2ACDCF619195D27002C5412 /* Images.xcassets in Resources */,
				A2ACDD1619195D61002C5412 /* ABCMainViewController.xib in Resources */,
			);
			runOnlyForDeploymentPostprocessing = 0;
		};
		A2ACDCF919195D27002C5412 /* Resources */ = {
			isa = PBXResourcesBuildPhase;
			buildActionMask = 2147483647;
			files = (
				A2ACDD0719195D28002C5412 /* InfoPlist.strings in Resources */,
			);
			runOnlyForDeploymentPostprocessing = 0;
		};
/* End PBXResourcesBuildPhase section */

/* Begin PBXSourcesBuildPhase section */
		A2ACDCDC19195D27002C5412 /* Sources */ = {
			isa = PBXSourcesBuildPhase;
			buildActionMask = 2147483647;
			files = (
				A2ACDD1A19195D79002C5412 /* ABCMapViewController.m in Sources */,
				A2ACDD1519195D61002C5412 /* ABCMainViewController.m in Sources */,
				A2ACDCF019195D27002C5412 /* main.m in Sources */,
				A2ACDD1E19195DAC002C5412 /* ABCSliderViewController.m in Sources */,
				A2ACDCF419195D27002C5412 /* ABCAppDelegate.m in Sources */,
			);
			runOnlyForDeploymentPostprocessing = 0;
		};
		A2ACDCF719195D27002C5412 /* Sources */ = {
			isa = PBXSourcesBuildPhase;
			buildActionMask = 2147483647;
			files = (
				A2ACDD0919195D28002C5412 /* ContainerTests.m in Sources */,
			);
			runOnlyForDeploymentPostprocessing = 0;
		};
/* End PBXSourcesBuildPhase section */

/* Begin PBXTargetDependency section */
		A2ACDD0119195D27002C5412 /* PBXTargetDependency */ = {
			isa = PBXTargetDependency;
			target = A2ACDCDF19195D27002C5412 /* Container */;
			targetProxy = A2ACDD0019195D27002C5412 /* PBXContainerItemProxy */;
		};
/* End PBXTargetDependency section */

/* Begin PBXVariantGroup section */
		A2ACDCEC19195D27002C5412 /* InfoPlist.strings */ = {
			isa = PBXVariantGroup;
			children = (
				A2ACDCED19195D27002C5412 /* en */,
			);
			name = InfoPlist.strings;
			sourceTree = "<group>";
		};
		A2ACDD0519195D27002C5412 /* InfoPlist.strings */ = {
			isa = PBXVariantGroup;
			children = (
				A2ACDD0619195D27002C5412 /* en */,
			);
			name = InfoPlist.strings;
			sourceTree = "<group>";
		};
/* End PBXVariantGroup section */

/* Begin XCBuildConfiguration section */
		A2ACDD0A19195D28002C5412 /* Debug */ = {
			isa = XCBuildConfiguration;
			buildSettings = {
				ALWAYS_SEARCH_USER_PATHS = NO;
				CLANG_CXX_LANGUAGE_STANDARD = "gnu++0x";
				CLANG_CXX_LIBRARY = "libc++";
				CLANG_ENABLE_MODULES = YES;
				CLANG_ENABLE_OBJC_ARC = YES;
				CLANG_WARN_BOOL_CONVERSION = YES;
				CLANG_WARN_CONSTANT_CONVERSION = YES;
				CLANG_WARN_DIRECT_OBJC_ISA_USAGE = YES_ERROR;
				CLANG_WARN_EMPTY_BODY = YES;
				CLANG_WARN_ENUM_CONVERSION = YES;
				CLANG_WARN_INT_CONVERSION = YES;
				CLANG_WARN_OBJC_ROOT_CLASS = YES_ERROR;
				CLANG_WARN__DUPLICATE_METHOD_MATCH = YES;
				"CODE_SIGN_IDENTITY[sdk=iphoneos*]" = "iPhone Developer";
				COPY_PHASE_STRIP = NO;
				GCC_C_LANGUAGE_STANDARD = gnu99;
				GCC_DYNAMIC_NO_PIC = NO;
				GCC_OPTIMIZATION_LEVEL = 0;
				GCC_PREPROCESSOR_DEFINITIONS = (
					"DEBUG=1",
					"$(inherited)",
				);
				GCC_SYMBOLS_PRIVATE_EXTERN = NO;
				GCC_WARN_64_TO_32_BIT_CONVERSION = YES;
				GCC_WARN_ABOUT_RETURN_TYPE = YES_ERROR;
				GCC_WARN_UNDECLARED_SELECTOR = YES;
				GCC_WARN_UNINITIALIZED_AUTOS = YES_AGGRESSIVE;
				GCC_WARN_UNUSED_FUNCTION = YES;
				GCC_WARN_UNUSED_VARIABLE = YES;
				IPHONEOS_DEPLOYMENT_TARGET = 7.1;
				ONLY_ACTIVE_ARCH = YES;
				SDKROOT = iphoneos;
			};
			name = Debug;
		};
		A2ACDD0B19195D28002C5412 /* Release */ = {
			isa = XCBuildConfiguration;
			buildSettings = {
				ALWAYS_SEARCH_USER_PATHS = NO;
				CLANG_CXX_LANGUAGE_STANDARD = "gnu++0x";
				CLANG_CXX_LIBRARY = "libc++";
				CLANG_ENABLE_MODULES = YES;
				CLANG_ENABLE_OBJC_ARC = YES;
				CLANG_WARN_BOOL_CONVERSION = YES;
				CLANG_WARN_CONSTANT_CONVERSION = YES;
				CLANG_WARN_DIRECT_OBJC_ISA_USAGE = YES_ERROR;
				CLANG_WARN_EMPTY_BODY = YES;
				CLANG_WARN_ENUM_CONVERSION = YES;
				CLANG_WARN_INT_CONVERSION = YES;
				CLANG_WARN_OBJC_ROOT_CLASS = YES_ERROR;
				CLANG_WARN__DUPLICATE_METHOD_MATCH = YES;
				"CODE_SIGN_IDENTITY[sdk=iphoneos*]" = "iPhone Developer";
				COPY_PHASE_STRIP = YES;
				ENABLE_NS_ASSERTIONS = NO;
				GCC_C_LANGUAGE_STANDARD = gnu99;
				GCC_WARN_64_TO_32_BIT_CONVERSION = YES;
				GCC_WARN_ABOUT_RETURN_TYPE = YES_ERROR;
				GCC_WARN_UNDECLARED_SELECTOR = YES;
				GCC_WARN_UNINITIALIZED_AUTOS = YES_AGGRESSIVE;
				GCC_WARN_UNUSED_FUNCTION = YES;
				GCC_WARN_UNUSED_VARIABLE = YES;
				IPHONEOS_DEPLOYMENT_TARGET = 7.1;
				SDKROOT = iphoneos;
				VALIDATE_PRODUCT = YES;
			};
			name = Release;
		};
		A2ACDD0D19195D28002C5412 /* Debug */ = {
			isa = XCBuildConfiguration;
			buildSettings = {
				ASSETCATALOG_COMPILER_APPICON_NAME = AppIcon;
				ASSETCATALOG_COMPILER_LAUNCHIMAGE_NAME = LaunchImage;
				GCC_PRECOMPILE_PREFIX_HEADER = YES;
				GCC_PREFIX_HEADER = "Container/Container-Prefix.pch";
				INFOPLIST_FILE = "Container/Container-Info.plist";
				PRODUCT_NAME = "$(TARGET_NAME)";
				WRAPPER_EXTENSION = app;
			};
			name = Debug;
		};
		A2ACDD0E19195D28002C5412 /* Release */ = {
			isa = XCBuildConfiguration;
			buildSettings = {
				ASSETCATALOG_COMPILER_APPICON_NAME = AppIcon;
				ASSETCATALOG_COMPILER_LAUNCHIMAGE_NAME = LaunchImage;
				GCC_PRECOMPILE_PREFIX_HEADER = YES;
				GCC_PREFIX_HEADER = "Container/Container-Prefix.pch";
				INFOPLIST_FILE = "Container/Container-Info.plist";
				PRODUCT_NAME = "$(TARGET_NAME)";
				WRAPPER_EXTENSION = app;
			};
			name = Release;
		};
		A2ACDD1019195D28002C5412 /* Debug */ = {
			isa = XCBuildConfiguration;
			buildSettings = {
				BUNDLE_LOADER = "$(BUILT_PRODUCTS_DIR)/Container.app/Container";
				FRAMEWORK_SEARCH_PATHS = (
					"$(SDKROOT)/Developer/Library/Frameworks",
					"$(inherited)",
					"$(DEVELOPER_FRAMEWORKS_DIR)",
				);
				GCC_PRECOMPILE_PREFIX_HEADER = YES;
				GCC_PREFIX_HEADER = "Container/Container-Prefix.pch";
				GCC_PREPROCESSOR_DEFINITIONS = (
					"DEBUG=1",
					"$(inherited)",
				);
				INFOPLIST_FILE = "ContainerTests/ContainerTests-Info.plist";
				PRODUCT_NAME = "$(TARGET_NAME)";
				TEST_HOST = "$(BUNDLE_LOADER)";
				WRAPPER_EXTENSION = xctest;
			};
			name = Debug;
		};
		A2ACDD1119195D28002C5412 /* Release */ = {
			isa = XCBuildConfiguration;
			buildSettings = {
				BUNDLE_LOADER = "$(BUILT_PRODUCTS_DIR)/Container.app/Container";
				FRAMEWORK_SEARCH_PATHS = (
					"$(SDKROOT)/Developer/Library/Frameworks",
					"$(inherited)",
					"$(DEVELOPER_FRAMEWORKS_DIR)",
				);
				GCC_PRECOMPILE_PREFIX_HEADER = YES;
				GCC_PREFIX_HEADER = "Container/Container-Prefix.pch";
				INFOPLIST_FILE = "ContainerTests/ContainerTests-Info.plist";
				PRODUCT_NAME = "$(TARGET_NAME)";
				TEST_HOST = "$(BUNDLE_LOADER)";
				WRAPPER_EXTENSION = xctest;
			};
			name = Release;
		};
/* End XCBuildConfiguration section */

/* Begin XCConfigurationList section */
		A2ACDCDB19195D27002C5412 /* Build configuration list for PBXProject "Container" */ = {
			isa = XCConfigurationList;
			buildConfigurations = (
				A2ACDD0A19195D28002C5412 /* Debug */,
				A2ACDD0B19195D28002C5412 /* Release */,
			);
			defaultConfigurationIsVisible = 0;
			defaultConfigurationName = Release;
		};
		A2ACDD0C19195D28002C5412 /* Build configuration list for PBXNativeTarget "Container" */ = {
			isa = XCConfigurationList;
			buildConfigurations = (
				A2ACDD0D19195D28002C5412 /* Debug */,
				A2ACDD0E19195D28002C5412 /* Release */,
			);
			defaultConfigurationIsVisible = 0;
		};
		A2ACDD0F19195D28002C5412 /* Build configuration list for PBXNativeTarget "ContainerTests" */ = {
			isa = XCConfigurationList;
			buildConfigurations = (
				A2ACDD1019195D28002C5412 /* Debug */,
				A2ACDD1119195D28002C5412 /* Release */,
			);
			defaultConfigurationIsVisible = 0;
		};
/* End XCConfigurationList section */
	};
	rootObject = A2ACDCD819195D27002C5412 /* Project object */;
}
